// !$*UTF8*$!
{
	archiveVersion = 1;
	classes = {
	};
	objectVersion = 46;
	objects = {

/* Begin PBXBuildFile section */
		216470B01C217F9F00E34A5E /* AppDelegate.swift in Sources */ = {isa = PBXBuildFile; fileRef = 216470AF1C217F9F00E34A5E /* AppDelegate.swift */; };
		216470B21C217F9F00E34A5E /* ViewController.swift in Sources */ = {isa = PBXBuildFile; fileRef = 216470B11C217F9F00E34A5E /* ViewController.swift */; };
		216470B51C217F9F00E34A5E /* Main.storyboard in Resources */ = {isa = PBXBuildFile; fileRef = 216470B31C217F9F00E34A5E /* Main.storyboard */; };
		216470B71C217F9F00E34A5E /* Assets.xcassets in Resources */ = {isa = PBXBuildFile; fileRef = 216470B61C217F9F00E34A5E /* Assets.xcassets */; };
		216470BA1C217F9F00E34A5E /* LaunchScreen.storyboard in Resources */ = {isa = PBXBuildFile; fileRef = 216470B81C217F9F00E34A5E /* LaunchScreen.storyboard */; };
		216470C51C217FA000E34A5E /* RPageControlTests.swift in Sources */ = {isa = PBXBuildFile; fileRef = 216470C41C217FA000E34A5E /* RPageControlTests.swift */; };
		216470D01C217FA000E34A5E /* RPageControlUITests.swift in Sources */ = {isa = PBXBuildFile; fileRef = 216470CF1C217FA000E34A5E /* RPageControlUITests.swift */; };
		216470DF1C217FDD00E34A5E /* RPageControl.swift in Sources */ = {isa = PBXBuildFile; fileRef = 216470DE1C217FDD00E34A5E /* RPageControl.swift */; };
/* End PBXBuildFile section */

/* Begin PBXContainerItemProxy section */
		216470C11C217FA000E34A5E /* PBXContainerItemProxy */ = {
			isa = PBXContainerItemProxy;
			containerPortal = 216470A41C217F9F00E34A5E /* Project object */;
			proxyType = 1;
			remoteGlobalIDString = 216470AB1C217F9F00E34A5E;
			remoteInfo = RPageControl;
		};
		216470CC1C217FA000E34A5E /* PBXContainerItemProxy */ = {
			isa = PBXContainerItemProxy;
			containerPortal = 216470A41C217F9F00E34A5E /* Project object */;
			proxyType = 1;
			remoteGlobalIDString = 216470AB1C217F9F00E34A5E;
			remoteInfo = RPageControl;
		};
/* End PBXContainerItemProxy section */

/* Begin PBXFileReference section */
		216470AC1C217F9F00E34A5E /* RPageControl.app */ = {isa = PBXFileReference; explicitFileType = wrapper.application; includeInIndex = 0; path = RPageControl.app; sourceTree = BUILT_PRODUCTS_DIR; };
		216470AF1C217F9F00E34A5E /* AppDelegate.swift */ = {isa = PBXFileReference; lastKnownFileType = sourcecode.swift; path = AppDelegate.swift; sourceTree = "<group>"; };
		216470B11C217F9F00E34A5E /* ViewController.swift */ = {isa = PBXFileReference; lastKnownFileType = sourcecode.swift; path = ViewController.swift; sourceTree = "<group>"; };
		216470B41C217F9F00E34A5E /* Base */ = {isa = PBXFileReference; lastKnownFileType = file.storyboard; name = Base; path = Base.lproj/Main.storyboard; sourceTree = "<group>"; };
		216470B61C217F9F00E34A5E /* Assets.xcassets */ = {isa = PBXFileReference; lastKnownFileType = folder.assetcatalog; path = Assets.xcassets; sourceTree = "<group>"; };
		216470B91C217F9F00E34A5E /* Base */ = {isa = PBXFileReference; lastKnownFileType = file.storyboard; name = Base; path = Base.lproj/LaunchScreen.storyboard; sourceTree = "<group>"; };
		216470BB1C217F9F00E34A5E /* Info.plist */ = {isa = PBXFileReference; lastKnownFileType = text.plist.xml; path = Info.plist; sourceTree = "<group>"; };
		216470C01C217FA000E34A5E /* RPageControlTests.xctest */ = {isa = PBXFileReference; explicitFileType = wrapper.cfbundle; includeInIndex = 0; path = RPageControlTests.xctest; sourceTree = BUILT_PRODUCTS_DIR; };
		216470C41C217FA000E34A5E /* RPageControlTests.swift */ = {isa = PBXFileReference; lastKnownFileType = sourcecode.swift; path = RPageControlTests.swift; sourceTree = "<group>"; };
		216470C61C217FA000E34A5E /* Info.plist */ = {isa = PBXFileReference; lastKnownFileType = text.plist.xml; path = Info.plist; sourceTree = "<group>"; };
		216470CB1C217FA000E34A5E /* RPageControlUITests.xctest */ = {isa = PBXFileReference; explicitFileType = wrapper.cfbundle; includeInIndex = 0; path = RPageControlUITests.xctest; sourceTree = BUILT_PRODUCTS_DIR; };
		216470CF1C217FA000E34A5E /* RPageControlUITests.swift */ = {isa = PBXFileReference; lastKnownFileType = sourcecode.swift; path = RPageControlUITests.swift; sourceTree = "<group>"; };
		216470D11C217FA000E34A5E /* Info.plist */ = {isa = PBXFileReference; lastKnownFileType = text.plist.xml; path = Info.plist; sourceTree = "<group>"; };
		216470DE1C217FDD00E34A5E /* RPageControl.swift */ = {isa = PBXFileReference; fileEncoding = 4; lastKnownFileType = sourcecode.swift; path = RPageControl.swift; sourceTree = "<group>"; };
/* End PBXFileReference section */

/* Begin PBXFrameworksBuildPhase section */
		216470A91C217F9F00E34A5E /* Frameworks */ = {
			isa = PBXFrameworksBuildPhase;
			buildActionMask = 2147483647;
			files = (
			);
			runOnlyForDeploymentPostprocessing = 0;
		};
		216470BD1C217FA000E34A5E /* Frameworks */ = {
			isa = PBXFrameworksBuildPhase;
			buildActionMask = 2147483647;
			files = (
			);
			runOnlyForDeploymentPostprocessing = 0;
		};
		216470C81C217FA000E34A5E /* Frameworks */ = {
			isa = PBXFrameworksBuildPhase;
			buildActionMask = 2147483647;
			files = (
			);
			runOnlyForDeploymentPostprocessing = 0;
		};
/* End PBXFrameworksBuildPhase section */

/* Begin PBXGroup section */
		216470A31C217F9F00E34A5E = {
			isa = PBXGroup;
			children = (
				216470DD1C217FCB00E34A5E /* RPageControl */,
				216470AE1C217F9F00E34A5E /* RPageControl */,
				216470C31C217FA000E34A5E /* RPageControlTests */,
				216470CE1C217FA000E34A5E /* RPageControlUITests */,
				216470AD1C217F9F00E34A5E /* Products */,
			);
			sourceTree = "<group>";
		};
		216470AD1C217F9F00E34A5E /* Products */ = {
			isa = PBXGroup;
			children = (
				216470AC1C217F9F00E34A5E /* RPageControl.app */,
				216470C01C217FA000E34A5E /* RPageControlTests.xctest */,
				216470CB1C217FA000E34A5E /* RPageControlUITests.xctest */,
			);
			name = Products;
			sourceTree = "<group>";
		};
		216470AE1C217F9F00E34A5E /* RPageControl */ = {
			isa = PBXGroup;
			children = (
				216470AF1C217F9F00E34A5E /* AppDelegate.swift */,
				216470B11C217F9F00E34A5E /* ViewController.swift */,
				216470B31C217F9F00E34A5E /* Main.storyboard */,
				216470B61C217F9F00E34A5E /* Assets.xcassets */,
				216470B81C217F9F00E34A5E /* LaunchScreen.storyboard */,
				216470BB1C217F9F00E34A5E /* Info.plist */,
			);
			path = RPageControl;
			sourceTree = "<group>";
		};
		216470C31C217FA000E34A5E /* RPageControlTests */ = {
			isa = PBXGroup;
			children = (
				216470C41C217FA000E34A5E /* RPageControlTests.swift */,
				216470C61C217FA000E34A5E /* Info.plist */,
			);
			path = RPageControlTests;
			sourceTree = "<group>";
		};
		216470CE1C217FA000E34A5E /* RPageControlUITests */ = {
			isa = PBXGroup;
			children = (
				216470CF1C217FA000E34A5E /* RPageControlUITests.swift */,
				216470D11C217FA000E34A5E /* Info.plist */,
			);
			path = RPageControlUITests;
			sourceTree = "<group>";
		};
		216470DD1C217FCB00E34A5E /* RPageControl */ = {
			isa = PBXGroup;
			children = (
				216470DE1C217FDD00E34A5E /* RPageControl.swift */,
			);
			path = RPageControl;
			sourceTree = "<group>";
		};
/* End PBXGroup section */

/* Begin PBXNativeTarget section */
		216470AB1C217F9F00E34A5E /* RPageControl */ = {
			isa = PBXNativeTarget;
			buildConfigurationList = 216470D41C217FA000E34A5E /* Build configuration list for PBXNativeTarget "RPageControl" */;
			buildPhases = (
				216470A81C217F9F00E34A5E /* Sources */,
				216470A91C217F9F00E34A5E /* Frameworks */,
				216470AA1C217F9F00E34A5E /* Resources */,
			);
			buildRules = (
			);
			dependencies = (
			);
			name = RPageControl;
			productName = RPageControl;
			productReference = 216470AC1C217F9F00E34A5E /* RPageControl.app */;
			productType = "com.apple.product-type.application";
		};
		216470BF1C217FA000E34A5E /* RPageControlTests */ = {
			isa = PBXNativeTarget;
			buildConfigurationList = 216470D71C217FA000E34A5E /* Build configuration list for PBXNativeTarget "RPageControlTests" */;
			buildPhases = (
				216470BC1C217FA000E34A5E /* Sources */,
				216470BD1C217FA000E34A5E /* Frameworks */,
				216470BE1C217FA000E34A5E /* Resources */,
			);
			buildRules = (
			);
			dependencies = (
				216470C21C217FA000E34A5E /* PBXTargetDependency */,
			);
			name = RPageControlTests;
			productName = RPageControlTests;
			productReference = 216470C01C217FA000E34A5E /* RPageControlTests.xctest */;
			productType = "com.apple.product-type.bundle.unit-test";
		};
		216470CA1C217FA000E34A5E /* RPageControlUITests */ = {
			isa = PBXNativeTarget;
			buildConfigurationList = 216470DA1C217FA000E34A5E /* Build configuration list for PBXNativeTarget "RPageControlUITests" */;
			buildPhases = (
				216470C71C217FA000E34A5E /* Sources */,
				216470C81C217FA000E34A5E /* Frameworks */,
				216470C91C217FA000E34A5E /* Resources */,
			);
			buildRules = (
			);
			dependencies = (
				216470CD1C217FA000E34A5E /* PBXTargetDependency */,
			);
			name = RPageControlUITests;
			productName = RPageControlUITests;
			productReference = 216470CB1C217FA000E34A5E /* RPageControlUITests.xctest */;
			productType = "com.apple.product-type.bundle.ui-testing";
		};
/* End PBXNativeTarget section */

/* Begin PBXProject section */
		216470A41C217F9F00E34A5E /* Project object */ = {
			isa = PBXProject;
			attributes = {
				LastSwiftUpdateCheck = 0710;
				LastUpgradeCheck = 0710;
				ORGANIZATIONNAME = "Mert Neşvat";
				TargetAttributes = {
					216470AB1C217F9F00E34A5E = {
						CreatedOnToolsVersion = 7.1.1;
					};
					216470BF1C217FA000E34A5E = {
						CreatedOnToolsVersion = 7.1.1;
						TestTargetID = 216470AB1C217F9F00E34A5E;
					};
					216470CA1C217FA000E34A5E = {
						CreatedOnToolsVersion = 7.1.1;
						TestTargetID = 216470AB1C217F9F00E34A5E;
					};
				};
			};
			buildConfigurationList = 216470A71C217F9F00E34A5E /* Build configuration list for PBXProject "RPageControl" */;
			compatibilityVersion = "Xcode 3.2";
			developmentRegion = English;
			hasScannedForEncodings = 0;
			knownRegions = (
				en,
				Base,
			);
			mainGroup = 216470A31C217F9F00E34A5E;
			productRefGroup = 216470AD1C217F9F00E34A5E /* Products */;
			projectDirPath = "";
			projectRoot = "";
			targets = (
				216470AB1C217F9F00E34A5E /* RPageControl */,
				216470BF1C217FA000E34A5E /* RPageControlTests */,
				216470CA1C217FA000E34A5E /* RPageControlUITests */,
			);
		};
/* End PBXProject section */

/* Begin PBXResourcesBuildPhase section */
		216470AA1C217F9F00E34A5E /* Resources */ = {
			isa = PBXResourcesBuildPhase;
			buildActionMask = 2147483647;
			files = (
				216470BA1C217F9F00E34A5E /* LaunchScreen.storyboard in Resources */,
				216470B71C217F9F00E34A5E /* Assets.xcassets in Resources */,
				216470B51C217F9F00E34A5E /* Main.storyboard in Resources */,
			);
			runOnlyForDeploymentPostprocessing = 0;
		};
		216470BE1C217FA000E34A5E /* Resources */ = {
			isa = PBXResourcesBuildPhase;
			buildActionMask = 2147483647;
			files = (
			);
			runOnlyForDeploymentPostprocessing = 0;
		};
		216470C91C217FA000E34A5E /* Resources */ = {
			isa = PBXResourcesBuildPhase;
			buildActionMask = 2147483647;
			files = (
			);
			runOnlyForDeploymentPostprocessing = 0;
		};
/* End PBXResourcesBuildPhase section */

/* Begin PBXSourcesBuildPhase section */
		216470A81C217F9F00E34A5E /* Sources */ = {
			isa = PBXSourcesBuildPhase;
			buildActionMask = 2147483647;
			files = (
				216470DF1C217FDD00E34A5E /* RPageControl.swift in Sources */,
				216470B21C217F9F00E34A5E /* ViewController.swift in Sources */,
				216470B01C217F9F00E34A5E /* AppDelegate.swift in Sources */,
			);
			runOnlyForDeploymentPostprocessing = 0;
		};
		216470BC1C217FA000E34A5E /* Sources */ = {
			isa = PBXSourcesBuildPhase;
			buildActionMask = 2147483647;
			files = (
				216470C51C217FA000E34A5E /* RPageControlTests.swift in Sources */,
			);
			runOnlyForDeploymentPostprocessing = 0;
		};
		216470C71C217FA000E34A5E /* Sources */ = {
			isa = PBXSourcesBuildPhase;
			buildActionMask = 2147483647;
			files = (
				216470D01C217FA000E34A5E /* RPageControlUITests.swift in Sources */,
			);
			runOnlyForDeploymentPostprocessing = 0;
		};
/* End PBXSourcesBuildPhase section */

/* Begin PBXTargetDependency section */
		216470C21C217FA000E34A5E /* PBXTargetDependency */ = {
			isa = PBXTargetDependency;
			target = 216470AB1C217F9F00E34A5E /* RPageControl */;
			targetProxy = 216470C11C217FA000E34A5E /* PBXContainerItemProxy */;
		};
		216470CD1C217FA000E34A5E /* PBXTargetDependency */ = {
			isa = PBXTargetDependency;
			target = 216470AB1C217F9F00E34A5E /* RPageControl */;
			targetProxy = 216470CC1C217FA000E34A5E /* PBXContainerItemProxy */;
		};
/* End PBXTargetDependency section */

/* Begin PBXVariantGroup section */
		216470B31C217F9F00E34A5E /* Main.storyboard */ = {
			isa = PBXVariantGroup;
			children = (
				216470B41C217F9F00E34A5E /* Base */,
			);
			name = Main.storyboard;
			sourceTree = "<group>";
		};
		216470B81C217F9F00E34A5E /* LaunchScreen.storyboard */ = {
			isa = PBXVariantGroup;
			children = (
				216470B91C217F9F00E34A5E /* Base */,
			);
			name = LaunchScreen.storyboard;
			sourceTree = "<group>";
		};
/* End PBXVariantGroup section */

/* Begin XCBuildConfiguration section */
		216470D21C217FA000E34A5E /* Debug */ = {
			isa = XCBuildConfiguration;
			buildSettings = {
				ALWAYS_SEARCH_USER_PATHS = NO;
				CLANG_CXX_LANGUAGE_STANDARD = "gnu++0x";
				CLANG_CXX_LIBRARY = "libc++";
				CLANG_ENABLE_MODULES = YES;
				CLANG_ENABLE_OBJC_ARC = YES;
				CLANG_WARN_BOOL_CONVERSION = YES;
				CLANG_WARN_CONSTANT_CONVERSION = YES;
				CLANG_WARN_DIRECT_OBJC_ISA_USAGE = YES_ERROR;
				CLANG_WARN_EMPTY_BODY = YES;
				CLANG_WARN_ENUM_CONVERSION = YES;
				CLANG_WARN_INT_CONVERSION = YES;
				CLANG_WARN_OBJC_ROOT_CLASS = YES_ERROR;
				CLANG_WARN_UNREACHABLE_CODE = YES;
				CLANG_WARN__DUPLICATE_METHOD_MATCH = YES;
				"CODE_SIGN_IDENTITY[sdk=iphoneos*]" = "iPhone Developer";
				COPY_PHASE_STRIP = NO;
				DEBUG_INFORMATION_FORMAT = dwarf;
				ENABLE_STRICT_OBJC_MSGSEND = YES;
				ENABLE_TESTABILITY = YES;
				GCC_C_LANGUAGE_STANDARD = gnu99;
				GCC_DYNAMIC_NO_PIC = NO;
				GCC_NO_COMMON_BLOCKS = YES;
				GCC_OPTIMIZATION_LEVEL = 0;
				GCC_PREPROCESSOR_DEFINITIONS = (
					"DEBUG=1",
					"$(inherited)",
				);
				GCC_WARN_64_TO_32_BIT_CONVERSION = YES;
				GCC_WARN_ABOUT_RETURN_TYPE = YES_ERROR;
				GCC_WARN_UNDECLARED_SELECTOR = YES;
				GCC_WARN_UNINITIALIZED_AUTOS = YES_AGGRESSIVE;
				GCC_WARN_UNUSED_FUNCTION = YES;
				GCC_WARN_UNUSED_VARIABLE = YES;
				IPHONEOS_DEPLOYMENT_TARGET = 9.1;
				MTL_ENABLE_DEBUG_INFO = YES;
				ONLY_ACTIVE_ARCH = YES;
				SDKROOT = iphoneos;
				SWIFT_OPTIMIZATION_LEVEL = "-Onone";
				TARGETED_DEVICE_FAMILY = "1,2";
			};
			name = Debug;
		};
		216470D31C217FA000E34A5E /* Release */ = {
			isa = XCBuildConfiguration;
			buildSettings = {
				ALWAYS_SEARCH_USER_PATHS = NO;
				CLANG_CXX_LANGUAGE_STANDARD = "gnu++0x";
				CLANG_CXX_LIBRARY = "libc++";
				CLANG_ENABLE_MODULES = YES;
				CLANG_ENABLE_OBJC_ARC = YES;
				CLANG_WARN_BOOL_CONVERSION = YES;
				CLANG_WARN_CONSTANT_CONVERSION = YES;
				CLANG_WARN_DIRECT_OBJC_ISA_USAGE = YES_ERROR;
				CLANG_WARN_EMPTY_BODY = YES;
				CLANG_WARN_ENUM_CONVERSION = YES;
				CLANG_WARN_INT_CONVERSION = YES;
				CLANG_WARN_OBJC_ROOT_CLASS = YES_ERROR;
				CLANG_WARN_UNREACHABLE_CODE = YES;
				CLANG_WARN__DUPLICATE_METHOD_MATCH = YES;
				"CODE_SIGN_IDENTITY[sdk=iphoneos*]" = "iPhone Developer";
				COPY_PHASE_STRIP = NO;
				DEBUG_INFORMATION_FORMAT = "dwarf-with-dsym";
				ENABLE_NS_ASSERTIONS = NO;
				ENABLE_STRICT_OBJC_MSGSEND = YES;
				GCC_C_LANGUAGE_STANDARD = gnu99;
				GCC_NO_COMMON_BLOCKS = YES;
				GCC_WARN_64_TO_32_BIT_CONVERSION = YES;
				GCC_WARN_ABOUT_RETURN_TYPE = YES_ERROR;
				GCC_WARN_UNDECLARED_SELECTOR = YES;
				GCC_WARN_UNINITIALIZED_AUTOS = YES_AGGRESSIVE;
				GCC_WARN_UNUSED_FUNCTION = YES;
				GCC_WARN_UNUSED_VARIABLE = YES;
				IPHONEOS_DEPLOYMENT_TARGET = 9.1;
				MTL_ENABLE_DEBUG_INFO = NO;
				SDKROOT = iphoneos;
				TARGETED_DEVICE_FAMILY = "1,2";
				VALIDATE_PRODUCT = YES;
			};
			name = Release;
		};
		216470D51C217FA000E34A5E /* Debug */ = {
			isa = XCBuildConfiguration;
			buildSettings = {
				ASSETCATALOG_COMPILER_APPICON_NAME = AppIcon;
				INFOPLIST_FILE = RPageControl/Info.plist;
				LD_RUNPATH_SEARCH_PATHS = "$(inherited) @executable_path/Frameworks";
				PRODUCT_BUNDLE_IDENTIFIER = com.ram.RPageControl;
				PRODUCT_NAME = "$(TARGET_NAME)";
			};
			name = Debug;
		};
		216470D61C217FA000E34A5E /* Release */ = {
			isa = XCBuildConfiguration;
			buildSettings = {
				ASSETCATALOG_COMPILER_APPICON_NAME = AppIcon;
				INFOPLIST_FILE = RPageControl/Info.plist;
				LD_RUNPATH_SEARCH_PATHS = "$(inherited) @executable_path/Frameworks";
				PRODUCT_BUNDLE_IDENTIFIER = com.ram.RPageControl;
				PRODUCT_NAME = "$(TARGET_NAME)";
			};
			name = Release;
		};
		216470D81C217FA000E34A5E /* Debug */ = {
			isa = XCBuildConfiguration;
			buildSettings = {
				BUNDLE_LOADER = "$(TEST_HOST)";
				INFOPLIST_FILE = RPageControlTests/Info.plist;
				LD_RUNPATH_SEARCH_PATHS = "$(inherited) @executable_path/Frameworks @loader_path/Frameworks";
				PRODUCT_BUNDLE_IDENTIFIER = com.ram.RPageControlTests;
				PRODUCT_NAME = "$(TARGET_NAME)";
				TEST_HOST = "$(BUILT_PRODUCTS_DIR)/RPageControl.app/RPageControl";
			};
			name = Debug;
		};
		216470D91C217FA000E34A5E /* Release */ = {
			isa = XCBuildConfiguration;
			buildSettings = {
				BUNDLE_LOADER = "$(TEST_HOST)";
				INFOPLIST_FILE = RPageControlTests/Info.plist;
				LD_RUNPATH_SEARCH_PATHS = "$(inherited) @executable_path/Frameworks @loader_path/Frameworks";
				PRODUCT_BUNDLE_IDENTIFIER = com.ram.RPageControlTests;
				PRODUCT_NAME = "$(TARGET_NAME)";
				TEST_HOST = "$(BUILT_PRODUCTS_DIR)/RPageControl.app/RPageControl";
			};
			name = Release;
		};
		216470DB1C217FA000E34A5E /* Debug */ = {
			isa = XCBuildConfiguration;
			buildSettings = {
				INFOPLIST_FILE = RPageControlUITests/Info.plist;
				LD_RUNPATH_SEARCH_PATHS = "$(inherited) @executable_path/Frameworks @loader_path/Frameworks";
				PRODUCT_BUNDLE_IDENTIFIER = com.ram.RPageControlUITests;
				PRODUCT_NAME = "$(TARGET_NAME)";
				TEST_TARGET_NAME = RPageControl;
				USES_XCTRUNNER = YES;
			};
			name = Debug;
		};
		216470DC1C217FA000E34A5E /* Release */ = {
			isa = XCBuildConfiguration;
			buildSettings = {
				INFOPLIST_FILE = RPageControlUITests/Info.plist;
				LD_RUNPATH_SEARCH_PATHS = "$(inherited) @executable_path/Frameworks @loader_path/Frameworks";
				PRODUCT_BUNDLE_IDENTIFIER = com.ram.RPageControlUITests;
				PRODUCT_NAME = "$(TARGET_NAME)";
				TEST_TARGET_NAME = RPageControl;
				USES_XCTRUNNER = YES;
			};
			name = Release;
		};
/* End XCBuildConfiguration section */

/* Begin XCConfigurationList section */
		216470A71C217F9F00E34A5E /* Build configuration list for PBXProject "RPageControl" */ = {
			isa = XCConfigurationList;
			buildConfigurations = (
				216470D21C217FA000E34A5E /* Debug */,
				216470D31C217FA000E34A5E /* Release */,
			);
			defaultConfigurationIsVisible = 0;
			defaultConfigurationName = Release;
		};
		216470D41C217FA000E34A5E /* Build configuration list for PBXNativeTarget "RPageControl" */ = {
			isa = XCConfigurationList;
			buildConfigurations = (
				216470D51C217FA000E34A5E /* Debug */,
				216470D61C217FA000E34A5E /* Release */,
			);
			defaultConfigurationIsVisible = 0;
		};
		216470D71C217FA000E34A5E /* Build configuration list for PBXNativeTarget "RPageControlTests" */ = {
			isa = XCConfigurationList;
			buildConfigurations = (
				216470D81C217FA000E34A5E /* Debug */,
				216470D91C217FA000E34A5E /* Release */,
			);
			defaultConfigurationIsVisible = 0;
		};
		216470DA1C217FA000E34A5E /* Build configuration list for PBXNativeTarget "RPageControlUITests" */ = {
			isa = XCConfigurationList;
			buildConfigurations = (
				216470DB1C217FA000E34A5E /* Debug */,
				216470DC1C217FA000E34A5E /* Release */,
			);
			defaultConfigurationIsVisible = 0;
		};
/* End XCConfigurationList section */
	};
	rootObject = 216470A41C217F9F00E34A5E /* Project object */;
}
